
Microsoft Visual Studio Solution File, Format Version 12.00
# Visual Studio Version 16
VisualStudioVersion = 16.0.30907.101
MinimumVisualStudioVersion = 10.0.40219.1
Project("{FAE04EC0-301F-11D3-BF4B-00C04F79EFBC}") = "WindowsFormsApp1", "WindowsFormsApp1\WindowsFormsApp1.csproj", "{3CCB6B29-0847-4E2A-B1EB-7F19AF6FD40E}"
EndProject
Global
	GlobalSection(SolutionConfigurationPlatforms) = preSolution
		Debug|Any CPU = Debug|Any CPU
		Release|Any CPU = Release|Any CPU
	EndGlobalSection
	GlobalSection(ProjectConfigurationPlatforms) = postSolution
		{3CCB6B29-0847-4E2A-B1EB-7F19AF6FD40E}.Debug|Any CPU.ActiveCfg = Debug|Any CPU
		{3CCB6B29-0847-4E2A-B1EB-7F19AF6FD40E}.Debug|Any CPU.Build.0 = Debug|Any CPU
		{3CCB6B29-0847-4E2A-B1EB-7F19AF6FD40E}.Release|Any CPU.ActiveCfg = Release|Any CPU
		{3CCB6B29-0847-4E2A-B1EB-7F19AF6FD40E}.Release|Any CPU.Build.0 = Release|Any CPU
	EndGlobalSection
	GlobalSection(SolutionProperties) = preSolution
		HideSolutionNode = FALSE
	EndGlobalSection
	GlobalSection(ExtensibilityGlobals) = postSolution
		SolutionGuid = {1A14D7CE-E4B4-4B80-9660-AF80D2A07755}
	EndGlobalSection
EndGlobal
